
Microsoft Visual Studio Solution File, Format Version 12.00
# Visual Studio Version 17
VisualStudioVersion = 17.10.35122.118
MinimumVisualStudioVersion = 10.0.40219.1
Project("{D2ABAB84-BF74-430A-B69E-9DC6D40DDA17}") = "MultidimensionalProject4", "MultidimensionalProject4.dwproj", "{3AC6754A-6045-4C98-8BA1-1987D7A81945}"
EndProject
Global
	GlobalSection(SolutionConfigurationPlatforms) = preSolution
		Development|Default = Development|Default
	EndGlobalSection
	GlobalSection(ProjectConfigurationPlatforms) = postSolution
		{3AC6754A-6045-4C98-8BA1-1987D7A81945}.Development|Default.ActiveCfg = Development
		{3AC6754A-6045-4C98-8BA1-1987D7A81945}.Development|Default.Build.0 = Development
		{3AC6754A-6045-4C98-8BA1-1987D7A81945}.Development|Default.Deploy.0 = Development
	EndGlobalSection
	GlobalSection(SolutionProperties) = preSolution
		HideSolutionNode = FALSE
	EndGlobalSection
	GlobalSection(ExtensibilityGlobals) = postSolution
		SolutionGuid = {3DBB3A10-844F-4FA2-8774-8F97ED3132FB}
	EndGlobalSection
EndGlobal
